
Microsoft Visual Studio Solution File, Format Version 12.00
# Visual Studio Version 16
VisualStudioVersion = 16.6.30114.105
MinimumVisualStudioVersion = 10.0.40219.1
Project("{FAE04EC0-301F-11D3-BF4B-00C04F79EFBC}") = "TestCommon", "..\TestCommon\TestCommon.csproj", "{DEB513C5-F05F-4A55-A59C-78EFA0FD851A}"
EndProject
Project("{FAE04EC0-301F-11D3-BF4B-00C04F79EFBC}") = "A3", "A3\A3.csproj", "{0EE198C5-73A3-400E-9A16-1142E5C00993}"
EndProject
Project("{FAE04EC0-301F-11D3-BF4B-00C04F79EFBC}") = "A3.Tests", "A3.Tests\A3.Tests.csproj", "{BAD0431B-5A3F-4010-A0DC-45A4A441D50A}"
EndProject
Global
	GlobalSection(SolutionConfigurationPlatforms) = preSolution
		Debug|Any CPU = Debug|Any CPU
		Debug|x64 = Debug|x64
		Debug|x86 = Debug|x86
		Release|Any CPU = Release|Any CPU
		Release|x64 = Release|x64
		Release|x86 = Release|x86
	EndGlobalSection
	GlobalSection(SolutionProperties) = preSolution
		HideSolutionNode = FALSE
	EndGlobalSection
	GlobalSection(ProjectConfigurationPlatforms) = postSolution
		{DEB513C5-F05F-4A55-A59C-78EFA0FD851A}.Debug|Any CPU.ActiveCfg = Debug|Any CPU
		{DEB513C5-F05F-4A55-A59C-78EFA0FD851A}.Debug|Any CPU.Build.0 = Debug|Any CPU
		{DEB513C5-F05F-4A55-A59C-78EFA0FD851A}.Debug|x64.ActiveCfg = Debug|Any CPU
		{DEB513C5-F05F-4A55-A59C-78EFA0FD851A}.Debug|x64.Build.0 = Debug|Any CPU
		{DEB513C5-F05F-4A55-A59C-78EFA0FD851A}.Debug|x86.ActiveCfg = Debug|Any CPU
		{DEB513C5-F05F-4A55-A59C-78EFA0FD851A}.Debug|x86.Build.0 = Debug|Any CPU
		{DEB513C5-F05F-4A55-A59C-78EFA0FD851A}.Release|Any CPU.ActiveCfg = Release|Any CPU
		{DEB513C5-F05F-4A55-A59C-78EFA0FD851A}.Release|Any CPU.Build.0 = Release|Any CPU
		{DEB513C5-F05F-4A55-A59C-78EFA0FD851A}.Release|x64.ActiveCfg = Release|Any CPU
		{DEB513C5-F05F-4A55-A59C-78EFA0FD851A}.Release|x64.Build.0 = Release|Any CPU
		{DEB513C5-F05F-4A55-A59C-78EFA0FD851A}.Release|x86.ActiveCfg = Release|Any CPU
		{DEB513C5-F05F-4A55-A59C-78EFA0FD851A}.Release|x86.Build.0 = Release|Any CPU
		{0EE198C5-73A3-400E-9A16-1142E5C00993}.Debug|Any CPU.ActiveCfg = Debug|Any CPU
		{0EE198C5-73A3-400E-9A16-1142E5C00993}.Debug|Any CPU.Build.0 = Debug|Any CPU
		{0EE198C5-73A3-400E-9A16-1142E5C00993}.Debug|x64.ActiveCfg = Debug|Any CPU
		{0EE198C5-73A3-400E-9A16-1142E5C00993}.Debug|x64.Build.0 = Debug|Any CPU
		{0EE198C5-73A3-400E-9A16-1142E5C00993}.Debug|x86.ActiveCfg = Debug|Any CPU
		{0EE198C5-73A3-400E-9A16-1142E5C00993}.Debug|x86.Build.0 = Debug|Any CPU
		{0EE198C5-73A3-400E-9A16-1142E5C00993}.Release|Any CPU.ActiveCfg = Release|Any CPU
		{0EE198C5-73A3-400E-9A16-1142E5C00993}.Release|Any CPU.Build.0 = Release|Any CPU
		{0EE198C5-73A3-400E-9A16-1142E5C00993}.Release|x64.ActiveCfg = Release|Any CPU
		{0EE198C5-73A3-400E-9A16-1142E5C00993}.Release|x64.Build.0 = Release|Any CPU
		{0EE198C5-73A3-400E-9A16-1142E5C00993}.Release|x86.ActiveCfg = Release|Any CPU
		{0EE198C5-73A3-400E-9A16-1142E5C00993}.Release|x86.Build.0 = Release|Any CPU
		{BAD0431B-5A3F-4010-A0DC-45A4A441D50A}.Debug|Any CPU.ActiveCfg = Debug|Any CPU
		{BAD0431B-5A3F-4010-A0DC-45A4A441D50A}.Debug|Any CPU.Build.0 = Debug|Any CPU
		{BAD0431B-5A3F-4010-A0DC-45A4A441D50A}.Debug|x64.ActiveCfg = Debug|Any CPU
		{BAD0431B-5A3F-4010-A0DC-45A4A441D50A}.Debug|x64.Build.0 = Debug|Any CPU
		{BAD0431B-5A3F-4010-A0DC-45A4A441D50A}.Debug|x86.ActiveCfg = Debug|Any CPU
		{BAD0431B-5A3F-4010-A0DC-45A4A441D50A}.Debug|x86.Build.0 = Debug|Any CPU
		{BAD0431B-5A3F-4010-A0DC-45A4A441D50A}.Release|Any CPU.ActiveCfg = Release|Any CPU
		{BAD0431B-5A3F-4010-A0DC-45A4A441D50A}.Release|Any CPU.Build.0 = Release|Any CPU
		{BAD0431B-5A3F-4010-A0DC-45A4A441D50A}.Release|x64.ActiveCfg = Release|Any CPU
		{BAD0431B-5A3F-4010-A0DC-45A4A441D50A}.Release|x64.Build.0 = Release|Any CPU
		{BAD0431B-5A3F-4010-A0DC-45A4A441D50A}.Release|x86.ActiveCfg = Release|Any CPU
		{BAD0431B-5A3F-4010-A0DC-45A4A441D50A}.Release|x86.Build.0 = Release|Any CPU
	EndGlobalSection
EndGlobal
