
Microsoft Visual Studio Solution File, Format Version 12.00
# Visual Studio Version 16
VisualStudioVersion = 16.6.30114.105
MinimumVisualStudioVersion = 10.0.40219.1
Project("{FAE04EC0-301F-11D3-BF4B-00C04F79EFBC}") = "TestCommon", "..\TestCommon\TestCommon.csproj", "{A73CDC7A-C703-44AF-A35F-CF34A14C2EE9}"
EndProject
Project("{FAE04EC0-301F-11D3-BF4B-00C04F79EFBC}") = "F1", "F1\F1.csproj", "{56BBED11-5AF1-45C1-A159-530A10ADEEED}"
EndProject
Project("{FAE04EC0-301F-11D3-BF4B-00C04F79EFBC}") = "F1.Tests", "F1.Tests\F1.Tests.csproj", "{2AD170BE-8A17-4FCF-87CA-ED0135A25A29}"
EndProject
Global
	GlobalSection(SolutionConfigurationPlatforms) = preSolution
		Debug|Any CPU = Debug|Any CPU
		Debug|x64 = Debug|x64
		Debug|x86 = Debug|x86
		Release|Any CPU = Release|Any CPU
		Release|x64 = Release|x64
		Release|x86 = Release|x86
	EndGlobalSection
	GlobalSection(SolutionProperties) = preSolution
		HideSolutionNode = FALSE
	EndGlobalSection
	GlobalSection(ProjectConfigurationPlatforms) = postSolution
		{A73CDC7A-C703-44AF-A35F-CF34A14C2EE9}.Debug|Any CPU.ActiveCfg = Debug|Any CPU
		{A73CDC7A-C703-44AF-A35F-CF34A14C2EE9}.Debug|Any CPU.Build.0 = Debug|Any CPU
		{A73CDC7A-C703-44AF-A35F-CF34A14C2EE9}.Debug|x64.ActiveCfg = Debug|Any CPU
		{A73CDC7A-C703-44AF-A35F-CF34A14C2EE9}.Debug|x64.Build.0 = Debug|Any CPU
		{A73CDC7A-C703-44AF-A35F-CF34A14C2EE9}.Debug|x86.ActiveCfg = Debug|Any CPU
		{A73CDC7A-C703-44AF-A35F-CF34A14C2EE9}.Debug|x86.Build.0 = Debug|Any CPU
		{A73CDC7A-C703-44AF-A35F-CF34A14C2EE9}.Release|Any CPU.ActiveCfg = Release|Any CPU
		{A73CDC7A-C703-44AF-A35F-CF34A14C2EE9}.Release|Any CPU.Build.0 = Release|Any CPU
		{A73CDC7A-C703-44AF-A35F-CF34A14C2EE9}.Release|x64.ActiveCfg = Release|Any CPU
		{A73CDC7A-C703-44AF-A35F-CF34A14C2EE9}.Release|x64.Build.0 = Release|Any CPU
		{A73CDC7A-C703-44AF-A35F-CF34A14C2EE9}.Release|x86.ActiveCfg = Release|Any CPU
		{A73CDC7A-C703-44AF-A35F-CF34A14C2EE9}.Release|x86.Build.0 = Release|Any CPU
		{56BBED11-5AF1-45C1-A159-530A10ADEEED}.Debug|Any CPU.ActiveCfg = Debug|Any CPU
		{56BBED11-5AF1-45C1-A159-530A10ADEEED}.Debug|Any CPU.Build.0 = Debug|Any CPU
		{56BBED11-5AF1-45C1-A159-530A10ADEEED}.Debug|x64.ActiveCfg = Debug|Any CPU
		{56BBED11-5AF1-45C1-A159-530A10ADEEED}.Debug|x64.Build.0 = Debug|Any CPU
		{56BBED11-5AF1-45C1-A159-530A10ADEEED}.Debug|x86.ActiveCfg = Debug|Any CPU
		{56BBED11-5AF1-45C1-A159-530A10ADEEED}.Debug|x86.Build.0 = Debug|Any CPU
		{56BBED11-5AF1-45C1-A159-530A10ADEEED}.Release|Any CPU.ActiveCfg = Release|Any CPU
		{56BBED11-5AF1-45C1-A159-530A10ADEEED}.Release|Any CPU.Build.0 = Release|Any CPU
		{56BBED11-5AF1-45C1-A159-530A10ADEEED}.Release|x64.ActiveCfg = Release|Any CPU
		{56BBED11-5AF1-45C1-A159-530A10ADEEED}.Release|x64.Build.0 = Release|Any CPU
		{56BBED11-5AF1-45C1-A159-530A10ADEEED}.Release|x86.ActiveCfg = Release|Any CPU
		{56BBED11-5AF1-45C1-A159-530A10ADEEED}.Release|x86.Build.0 = Release|Any CPU
		{2AD170BE-8A17-4FCF-87CA-ED0135A25A29}.Debug|Any CPU.ActiveCfg = Debug|Any CPU
		{2AD170BE-8A17-4FCF-87CA-ED0135A25A29}.Debug|Any CPU.Build.0 = Debug|Any CPU
		{2AD170BE-8A17-4FCF-87CA-ED0135A25A29}.Debug|x64.ActiveCfg = Debug|Any CPU
		{2AD170BE-8A17-4FCF-87CA-ED0135A25A29}.Debug|x64.Build.0 = Debug|Any CPU
		{2AD170BE-8A17-4FCF-87CA-ED0135A25A29}.Debug|x86.ActiveCfg = Debug|Any CPU
		{2AD170BE-8A17-4FCF-87CA-ED0135A25A29}.Debug|x86.Build.0 = Debug|Any CPU
		{2AD170BE-8A17-4FCF-87CA-ED0135A25A29}.Release|Any CPU.ActiveCfg = Release|Any CPU
		{2AD170BE-8A17-4FCF-87CA-ED0135A25A29}.Release|Any CPU.Build.0 = Release|Any CPU
		{2AD170BE-8A17-4FCF-87CA-ED0135A25A29}.Release|x64.ActiveCfg = Release|Any CPU
		{2AD170BE-8A17-4FCF-87CA-ED0135A25A29}.Release|x64.Build.0 = Release|Any CPU
		{2AD170BE-8A17-4FCF-87CA-ED0135A25A29}.Release|x86.ActiveCfg = Release|Any CPU
		{2AD170BE-8A17-4FCF-87CA-ED0135A25A29}.Release|x86.Build.0 = Release|Any CPU
	EndGlobalSection
EndGlobal
